
Microsoft Visual Studio Solution File, Format Version 12.00
# Visual Studio 15
VisualStudioVersion = 15.0.27428.2037
MinimumVisualStudioVersion = 10.0.40219.1
Project("{9A19103F-16F7-4668-BE54-9A1E7A4F7556}") = "LB.Web", "LB.Web\LB.Web.csproj", "{66453373-C516-464F-93DF-B9A89E27815E}"
EndProject
Global
	GlobalSection(SolutionConfigurationPlatforms) = preSolution
		Debug|Any CPU = Debug|Any CPU
		Release|Any CPU = Release|Any CPU
	EndGlobalSection
	GlobalSection(ProjectConfigurationPlatforms) = postSolution
		{66453373-C516-464F-93DF-B9A89E27815E}.Debug|Any CPU.ActiveCfg = Debug|Any CPU
		{66453373-C516-464F-93DF-B9A89E27815E}.Debug|Any CPU.Build.0 = Debug|Any CPU
		{66453373-C516-464F-93DF-B9A89E27815E}.Release|Any CPU.ActiveCfg = Release|Any CPU
		{66453373-C516-464F-93DF-B9A89E27815E}.Release|Any CPU.Build.0 = Release|Any CPU
	EndGlobalSection
	GlobalSection(SolutionProperties) = preSolution
		HideSolutionNode = FALSE
	EndGlobalSection
	GlobalSection(ExtensibilityGlobals) = postSolution
		SolutionGuid = {C9D908D6-3C18-4CF1-A5CE-044C29C59CBE}
	EndGlobalSection
EndGlobal
